
Microsoft Visual Studio Solution File, Format Version 12.00
# Visual Studio Version 17
VisualStudioVersion = 17.5.33516.290
MinimumVisualStudioVersion = 10.0.40219.1
Project("{2150E333-8FDC-42A3-9474-1A3956D46DE8}") = "Podstawy Programowania", "Podstawy Programowania", "{148F507A-1DF9-4AEF-94A1-CB821F1004A8}"
EndProject
Project("{2150E333-8FDC-42A3-9474-1A3956D46DE8}") = "Aplikacje Mobile i Desktopowe", "Aplikacje Mobile i Desktopowe", "{ACF2263E-889C-4D2C-9C36-7AD466EC7A29}"
EndProject
Project("{2150E333-8FDC-42A3-9474-1A3956D46DE8}") = "Aplikacje Webowe", "Aplikacje Webowe", "{0873B028-8F9D-473D-B780-9EC6D790B3E9}"
EndProject
Project("{8BC9CEB8-8B4A-11D0-8D11-00A0C91BC942}") = "05.01.2023", "aplikacje_mobilne_i_desktopowe\05.01.2023\05.01.2023.vcxproj", "{9537624F-76FD-4D74-BBD6-5387D729F242}"
EndProject
Project("{8BC9CEB8-8B4A-11D0-8D11-00A0C91BC942}") = "10.012023", "aplikacje_mobilne_i_desktopowe\10.01.2023\10.01.2023.vcxproj", "{6142B363-035D-4AA0-BA38-B09158BD96A9}"
EndProject
Project("{8BC9CEB8-8B4A-11D0-8D11-00A0C91BC942}") = "10.02.2023", "aplikacje_mobilne_i_desktopowe\10.02.2023\10.02.2023.vcxproj", "{8AD61F1F-13EC-464F-9108-24080945F018}"
EndProject
Project("{9A19103F-16F7-4668-BE54-9A1E7A4F7556}") = "10.03.2023", "podstawy_programowania\10.03.2023\10.03.2023.csproj", "{8056CF1E-05FC-46E3-A99D-321853937C40}"
EndProject
Project("{E24C65DC-7377-472B-9ABA-BC803B73C61A}") = "03.01.2023", "aplikacje_webowe\03.01.2023\", "{0B407993-11B2-44CB-BFAB-E17D59250EF7}"
	ProjectSection(WebsiteProperties) = preProject
		TargetFrameworkMoniker = ".NETFramework,Version%3Dv4.0"
		Debug.AspNetCompiler.VirtualPath = "/localhost_53339"
		Debug.AspNetCompiler.PhysicalPath = "aplikacje_webowe\03.01.2023\"
		Debug.AspNetCompiler.TargetPath = "PrecompiledWeb\localhost_53339\"
		Debug.AspNetCompiler.Updateable = "true"
		Debug.AspNetCompiler.ForceOverwrite = "true"
		Debug.AspNetCompiler.FixedNames = "false"
		Debug.AspNetCompiler.Debug = "True"
		Release.AspNetCompiler.VirtualPath = "/localhost_53339"
		Release.AspNetCompiler.PhysicalPath = "aplikacje_webowe\03.01.2023\"
		Release.AspNetCompiler.TargetPath = "PrecompiledWeb\localhost_53339\"
		Release.AspNetCompiler.Updateable = "true"
		Release.AspNetCompiler.ForceOverwrite = "true"
		Release.AspNetCompiler.FixedNames = "false"
		Release.AspNetCompiler.Debug = "False"
		VWDPort = "53339"
		SlnRelativePath = "aplikacje_webowe\03.01.2023\"
	EndProjectSection
EndProject
Project("{E24C65DC-7377-472B-9ABA-BC803B73C61A}") = "10.01.2023", "aplikacje_webowe\10.01.2023\", "{87452B88-87C8-48F6-AD33-E0B128C90AC1}"
	ProjectSection(WebsiteProperties) = preProject
		TargetFrameworkMoniker = ".NETFramework,Version%3Dv4.0"
		Debug.AspNetCompiler.VirtualPath = "/localhost_53343"
		Debug.AspNetCompiler.PhysicalPath = "aplikacje_webowe\10.01.2023\"
		Debug.AspNetCompiler.TargetPath = "PrecompiledWeb\localhost_53343\"
		Debug.AspNetCompiler.Updateable = "true"
		Debug.AspNetCompiler.ForceOverwrite = "true"
		Debug.AspNetCompiler.FixedNames = "false"
		Debug.AspNetCompiler.Debug = "True"
		Release.AspNetCompiler.VirtualPath = "/localhost_53343"
		Release.AspNetCompiler.PhysicalPath = "aplikacje_webowe\10.01.2023\"
		Release.AspNetCompiler.TargetPath = "PrecompiledWeb\localhost_53343\"
		Release.AspNetCompiler.Updateable = "true"
		Release.AspNetCompiler.ForceOverwrite = "true"
		Release.AspNetCompiler.FixedNames = "false"
		Release.AspNetCompiler.Debug = "False"
		VWDPort = "53343"
		SlnRelativePath = "aplikacje_webowe\10.01.2023\"
	EndProjectSection
EndProject
Project("{E24C65DC-7377-472B-9ABA-BC803B73C61A}") = "20.12.2022", "aplikacje_webowe\20.12.2022\", "{0913C157-7EF2-4DB4-972B-70158D6EFF31}"
	ProjectSection(WebsiteProperties) = preProject
		TargetFrameworkMoniker = ".NETFramework,Version%3Dv4.0"
		Debug.AspNetCompiler.VirtualPath = "/localhost_53348"
		Debug.AspNetCompiler.PhysicalPath = "aplikacje_webowe\20.12.2022\"
		Debug.AspNetCompiler.TargetPath = "PrecompiledWeb\localhost_53348\"
		Debug.AspNetCompiler.Updateable = "true"
		Debug.AspNetCompiler.ForceOverwrite = "true"
		Debug.AspNetCompiler.FixedNames = "false"
		Debug.AspNetCompiler.Debug = "True"
		Release.AspNetCompiler.VirtualPath = "/localhost_53348"
		Release.AspNetCompiler.PhysicalPath = "aplikacje_webowe\20.12.2022\"
		Release.AspNetCompiler.TargetPath = "PrecompiledWeb\localhost_53348\"
		Release.AspNetCompiler.Updateable = "true"
		Release.AspNetCompiler.ForceOverwrite = "true"
		Release.AspNetCompiler.FixedNames = "false"
		Release.AspNetCompiler.Debug = "False"
		VWDPort = "53348"
		SlnRelativePath = "aplikacje_webowe\20.12.2022\"
	EndProjectSection
EndProject
Project("{E24C65DC-7377-472B-9ABA-BC803B73C61A}") = "22.12.2022", "aplikacje_webowe\22.12.2022\", "{77566221-F0C3-4BBF-944A-67D9B0BC421A}"
	ProjectSection(WebsiteProperties) = preProject
		TargetFrameworkMoniker = ".NETFramework,Version%3Dv4.0"
		Debug.AspNetCompiler.VirtualPath = "/localhost_53349"
		Debug.AspNetCompiler.PhysicalPath = "aplikacje_webowe\22.12.2022\"
		Debug.AspNetCompiler.TargetPath = "PrecompiledWeb\localhost_53349\"
		Debug.AspNetCompiler.Updateable = "true"
		Debug.AspNetCompiler.ForceOverwrite = "true"
		Debug.AspNetCompiler.FixedNames = "false"
		Debug.AspNetCompiler.Debug = "True"
		Release.AspNetCompiler.VirtualPath = "/localhost_53349"
		Release.AspNetCompiler.PhysicalPath = "aplikacje_webowe\22.12.2022\"
		Release.AspNetCompiler.TargetPath = "PrecompiledWeb\localhost_53349\"
		Release.AspNetCompiler.Updateable = "true"
		Release.AspNetCompiler.ForceOverwrite = "true"
		Release.AspNetCompiler.FixedNames = "false"
		Release.AspNetCompiler.Debug = "False"
		VWDPort = "53349"
		SlnRelativePath = "aplikacje_webowe\22.12.2022\"
	EndProjectSection
EndProject
Project("{8BC9CEB8-8B4A-11D0-8D11-00A0C91BC942}") = "04.04.2023", "aplikacje_mobilne_i_desktopowe\04.04.2023\04.04.2023.vcxproj", "{2F44D066-A710-4CDC-ADE8-D6259279EC6E}"
EndProject
Project("{FAE04EC0-301F-11D3-BF4B-00C04F79EFBC}") = "12.04.2023", "podstawy_programowania\12.04.2023\12.04.2023.csproj", "{E6B18165-88A9-4332-B777-E8B8B3C79B56}"
EndProject
Project("{9A19103F-16F7-4668-BE54-9A1E7A4F7556}") = "06.04.2023", "podstawy_programowania\06.04.2023\06.04.2023.csproj", "{47841C32-326B-490E-AB91-7CE52F9A7D5B}"
EndProject
Global
	GlobalSection(SolutionConfigurationPlatforms) = preSolution
		Debug|Any CPU = Debug|Any CPU
		Debug|x64 = Debug|x64
		Debug|x86 = Debug|x86
		Release|Any CPU = Release|Any CPU
		Release|x64 = Release|x64
		Release|x86 = Release|x86
	EndGlobalSection
	GlobalSection(ProjectConfigurationPlatforms) = postSolution
		{9537624F-76FD-4D74-BBD6-5387D729F242}.Debug|Any CPU.ActiveCfg = Debug|x64
		{9537624F-76FD-4D74-BBD6-5387D729F242}.Debug|Any CPU.Build.0 = Debug|x64
		{9537624F-76FD-4D74-BBD6-5387D729F242}.Debug|x64.ActiveCfg = Debug|x64
		{9537624F-76FD-4D74-BBD6-5387D729F242}.Debug|x64.Build.0 = Debug|x64
		{9537624F-76FD-4D74-BBD6-5387D729F242}.Debug|x86.ActiveCfg = Debug|Win32
		{9537624F-76FD-4D74-BBD6-5387D729F242}.Debug|x86.Build.0 = Debug|Win32
		{9537624F-76FD-4D74-BBD6-5387D729F242}.Release|Any CPU.ActiveCfg = Release|x64
		{9537624F-76FD-4D74-BBD6-5387D729F242}.Release|Any CPU.Build.0 = Release|x64
		{9537624F-76FD-4D74-BBD6-5387D729F242}.Release|x64.ActiveCfg = Release|x64
		{9537624F-76FD-4D74-BBD6-5387D729F242}.Release|x64.Build.0 = Release|x64
		{9537624F-76FD-4D74-BBD6-5387D729F242}.Release|x86.ActiveCfg = Release|Win32
		{9537624F-76FD-4D74-BBD6-5387D729F242}.Release|x86.Build.0 = Release|Win32
		{6142B363-035D-4AA0-BA38-B09158BD96A9}.Debug|Any CPU.ActiveCfg = Debug|x64
		{6142B363-035D-4AA0-BA38-B09158BD96A9}.Debug|Any CPU.Build.0 = Debug|x64
		{6142B363-035D-4AA0-BA38-B09158BD96A9}.Debug|x64.ActiveCfg = Debug|x64
		{6142B363-035D-4AA0-BA38-B09158BD96A9}.Debug|x64.Build.0 = Debug|x64
		{6142B363-035D-4AA0-BA38-B09158BD96A9}.Debug|x86.ActiveCfg = Debug|Win32
		{6142B363-035D-4AA0-BA38-B09158BD96A9}.Debug|x86.Build.0 = Debug|Win32
		{6142B363-035D-4AA0-BA38-B09158BD96A9}.Release|Any CPU.ActiveCfg = Release|x64
		{6142B363-035D-4AA0-BA38-B09158BD96A9}.Release|Any CPU.Build.0 = Release|x64
		{6142B363-035D-4AA0-BA38-B09158BD96A9}.Release|x64.ActiveCfg = Release|x64
		{6142B363-035D-4AA0-BA38-B09158BD96A9}.Release|x64.Build.0 = Release|x64
		{6142B363-035D-4AA0-BA38-B09158BD96A9}.Release|x86.ActiveCfg = Release|Win32
		{6142B363-035D-4AA0-BA38-B09158BD96A9}.Release|x86.Build.0 = Release|Win32
		{8AD61F1F-13EC-464F-9108-24080945F018}.Debug|Any CPU.ActiveCfg = Debug|x64
		{8AD61F1F-13EC-464F-9108-24080945F018}.Debug|Any CPU.Build.0 = Debug|x64
		{8AD61F1F-13EC-464F-9108-24080945F018}.Debug|x64.ActiveCfg = Debug|x64
		{8AD61F1F-13EC-464F-9108-24080945F018}.Debug|x64.Build.0 = Debug|x64
		{8AD61F1F-13EC-464F-9108-24080945F018}.Debug|x86.ActiveCfg = Debug|Win32
		{8AD61F1F-13EC-464F-9108-24080945F018}.Debug|x86.Build.0 = Debug|Win32
		{8AD61F1F-13EC-464F-9108-24080945F018}.Release|Any CPU.ActiveCfg = Release|x64
		{8AD61F1F-13EC-464F-9108-24080945F018}.Release|Any CPU.Build.0 = Release|x64
		{8AD61F1F-13EC-464F-9108-24080945F018}.Release|x64.ActiveCfg = Release|x64
		{8AD61F1F-13EC-464F-9108-24080945F018}.Release|x64.Build.0 = Release|x64
		{8AD61F1F-13EC-464F-9108-24080945F018}.Release|x86.ActiveCfg = Release|Win32
		{8AD61F1F-13EC-464F-9108-24080945F018}.Release|x86.Build.0 = Release|Win32
		{8056CF1E-05FC-46E3-A99D-321853937C40}.Debug|Any CPU.ActiveCfg = Debug|Any CPU
		{8056CF1E-05FC-46E3-A99D-321853937C40}.Debug|Any CPU.Build.0 = Debug|Any CPU
		{8056CF1E-05FC-46E3-A99D-321853937C40}.Debug|x64.ActiveCfg = Debug|Any CPU
		{8056CF1E-05FC-46E3-A99D-321853937C40}.Debug|x64.Build.0 = Debug|Any CPU
		{8056CF1E-05FC-46E3-A99D-321853937C40}.Debug|x86.ActiveCfg = Debug|Any CPU
		{8056CF1E-05FC-46E3-A99D-321853937C40}.Debug|x86.Build.0 = Debug|Any CPU
		{8056CF1E-05FC-46E3-A99D-321853937C40}.Release|Any CPU.ActiveCfg = Release|Any CPU
		{8056CF1E-05FC-46E3-A99D-321853937C40}.Release|Any CPU.Build.0 = Release|Any CPU
		{8056CF1E-05FC-46E3-A99D-321853937C40}.Release|x64.ActiveCfg = Release|Any CPU
		{8056CF1E-05FC-46E3-A99D-321853937C40}.Release|x64.Build.0 = Release|Any CPU
		{8056CF1E-05FC-46E3-A99D-321853937C40}.Release|x86.ActiveCfg = Release|Any CPU
		{8056CF1E-05FC-46E3-A99D-321853937C40}.Release|x86.Build.0 = Release|Any CPU
		{0B407993-11B2-44CB-BFAB-E17D59250EF7}.Debug|Any CPU.ActiveCfg = Debug|Any CPU
		{0B407993-11B2-44CB-BFAB-E17D59250EF7}.Debug|Any CPU.Build.0 = Debug|Any CPU
		{0B407993-11B2-44CB-BFAB-E17D59250EF7}.Debug|x64.ActiveCfg = Debug|Any CPU
		{0B407993-11B2-44CB-BFAB-E17D59250EF7}.Debug|x64.Build.0 = Debug|Any CPU
		{0B407993-11B2-44CB-BFAB-E17D59250EF7}.Debug|x86.ActiveCfg = Debug|Any CPU
		{0B407993-11B2-44CB-BFAB-E17D59250EF7}.Debug|x86.Build.0 = Debug|Any CPU
		{0B407993-11B2-44CB-BFAB-E17D59250EF7}.Release|Any CPU.ActiveCfg = Debug|Any CPU
		{0B407993-11B2-44CB-BFAB-E17D59250EF7}.Release|Any CPU.Build.0 = Debug|Any CPU
		{0B407993-11B2-44CB-BFAB-E17D59250EF7}.Release|x64.ActiveCfg = Debug|Any CPU
		{0B407993-11B2-44CB-BFAB-E17D59250EF7}.Release|x64.Build.0 = Debug|Any CPU
		{0B407993-11B2-44CB-BFAB-E17D59250EF7}.Release|x86.ActiveCfg = Debug|Any CPU
		{0B407993-11B2-44CB-BFAB-E17D59250EF7}.Release|x86.Build.0 = Debug|Any CPU
		{87452B88-87C8-48F6-AD33-E0B128C90AC1}.Debug|Any CPU.ActiveCfg = Debug|Any CPU
		{87452B88-87C8-48F6-AD33-E0B128C90AC1}.Debug|Any CPU.Build.0 = Debug|Any CPU
		{87452B88-87C8-48F6-AD33-E0B128C90AC1}.Debug|x64.ActiveCfg = Debug|Any CPU
		{87452B88-87C8-48F6-AD33-E0B128C90AC1}.Debug|x64.Build.0 = Debug|Any CPU
		{87452B88-87C8-48F6-AD33-E0B128C90AC1}.Debug|x86.ActiveCfg = Debug|Any CPU
		{87452B88-87C8-48F6-AD33-E0B128C90AC1}.Debug|x86.Build.0 = Debug|Any CPU
		{87452B88-87C8-48F6-AD33-E0B128C90AC1}.Release|Any CPU.ActiveCfg = Debug|Any CPU
		{87452B88-87C8-48F6-AD33-E0B128C90AC1}.Release|Any CPU.Build.0 = Debug|Any CPU
		{87452B88-87C8-48F6-AD33-E0B128C90AC1}.Release|x64.ActiveCfg = Debug|Any CPU
		{87452B88-87C8-48F6-AD33-E0B128C90AC1}.Release|x64.Build.0 = Debug|Any CPU
		{87452B88-87C8-48F6-AD33-E0B128C90AC1}.Release|x86.ActiveCfg = Debug|Any CPU
		{87452B88-87C8-48F6-AD33-E0B128C90AC1}.Release|x86.Build.0 = Debug|Any CPU
		{0913C157-7EF2-4DB4-972B-70158D6EFF31}.Debug|Any CPU.ActiveCfg = Debug|Any CPU
		{0913C157-7EF2-4DB4-972B-70158D6EFF31}.Debug|Any CPU.Build.0 = Debug|Any CPU
		{0913C157-7EF2-4DB4-972B-70158D6EFF31}.Debug|x64.ActiveCfg = Debug|Any CPU
		{0913C157-7EF2-4DB4-972B-70158D6EFF31}.Debug|x64.Build.0 = Debug|Any CPU
		{0913C157-7EF2-4DB4-972B-70158D6EFF31}.Debug|x86.ActiveCfg = Debug|Any CPU
		{0913C157-7EF2-4DB4-972B-70158D6EFF31}.Debug|x86.Build.0 = Debug|Any CPU
		{0913C157-7EF2-4DB4-972B-70158D6EFF31}.Release|Any CPU.ActiveCfg = Debug|Any CPU
		{0913C157-7EF2-4DB4-972B-70158D6EFF31}.Release|Any CPU.Build.0 = Debug|Any CPU
		{0913C157-7EF2-4DB4-972B-70158D6EFF31}.Release|x64.ActiveCfg = Debug|Any CPU
		{0913C157-7EF2-4DB4-972B-70158D6EFF31}.Release|x64.Build.0 = Debug|Any CPU
		{0913C157-7EF2-4DB4-972B-70158D6EFF31}.Release|x86.ActiveCfg = Debug|Any CPU
		{0913C157-7EF2-4DB4-972B-70158D6EFF31}.Release|x86.Build.0 = Debug|Any CPU
		{77566221-F0C3-4BBF-944A-67D9B0BC421A}.Debug|Any CPU.ActiveCfg = Debug|Any CPU
		{77566221-F0C3-4BBF-944A-67D9B0BC421A}.Debug|Any CPU.Build.0 = Debug|Any CPU
		{77566221-F0C3-4BBF-944A-67D9B0BC421A}.Debug|x64.ActiveCfg = Debug|Any CPU
		{77566221-F0C3-4BBF-944A-67D9B0BC421A}.Debug|x64.Build.0 = Debug|Any CPU
		{77566221-F0C3-4BBF-944A-67D9B0BC421A}.Debug|x86.ActiveCfg = Debug|Any CPU
		{77566221-F0C3-4BBF-944A-67D9B0BC421A}.Debug|x86.Build.0 = Debug|Any CPU
		{77566221-F0C3-4BBF-944A-67D9B0BC421A}.Release|Any CPU.ActiveCfg = Debug|Any CPU
		{77566221-F0C3-4BBF-944A-67D9B0BC421A}.Release|Any CPU.Build.0 = Debug|Any CPU
		{77566221-F0C3-4BBF-944A-67D9B0BC421A}.Release|x64.ActiveCfg = Debug|Any CPU
		{77566221-F0C3-4BBF-944A-67D9B0BC421A}.Release|x64.Build.0 = Debug|Any CPU
		{77566221-F0C3-4BBF-944A-67D9B0BC421A}.Release|x86.ActiveCfg = Debug|Any CPU
		{77566221-F0C3-4BBF-944A-67D9B0BC421A}.Release|x86.Build.0 = Debug|Any CPU
		{2F44D066-A710-4CDC-ADE8-D6259279EC6E}.Debug|Any CPU.ActiveCfg = Debug|Win32
		{2F44D066-A710-4CDC-ADE8-D6259279EC6E}.Debug|x64.ActiveCfg = Debug|x64
		{2F44D066-A710-4CDC-ADE8-D6259279EC6E}.Debug|x64.Build.0 = Debug|x64
		{2F44D066-A710-4CDC-ADE8-D6259279EC6E}.Debug|x86.ActiveCfg = Debug|Win32
		{2F44D066-A710-4CDC-ADE8-D6259279EC6E}.Debug|x86.Build.0 = Debug|Win32
		{2F44D066-A710-4CDC-ADE8-D6259279EC6E}.Release|Any CPU.ActiveCfg = Release|Win32
		{2F44D066-A710-4CDC-ADE8-D6259279EC6E}.Release|x64.ActiveCfg = Release|x64
		{2F44D066-A710-4CDC-ADE8-D6259279EC6E}.Release|x64.Build.0 = Release|x64
		{2F44D066-A710-4CDC-ADE8-D6259279EC6E}.Release|x86.ActiveCfg = Release|Win32
		{2F44D066-A710-4CDC-ADE8-D6259279EC6E}.Release|x86.Build.0 = Release|Win32
		{E6B18165-88A9-4332-B777-E8B8B3C79B56}.Debug|Any CPU.ActiveCfg = Debug|Any CPU
		{E6B18165-88A9-4332-B777-E8B8B3C79B56}.Debug|Any CPU.Build.0 = Debug|Any CPU
		{E6B18165-88A9-4332-B777-E8B8B3C79B56}.Debug|x64.ActiveCfg = Debug|Any CPU
		{E6B18165-88A9-4332-B777-E8B8B3C79B56}.Debug|x64.Build.0 = Debug|Any CPU
		{E6B18165-88A9-4332-B777-E8B8B3C79B56}.Debug|x86.ActiveCfg = Debug|Any CPU
		{E6B18165-88A9-4332-B777-E8B8B3C79B56}.Debug|x86.Build.0 = Debug|Any CPU
		{E6B18165-88A9-4332-B777-E8B8B3C79B56}.Release|Any CPU.ActiveCfg = Release|Any CPU
		{E6B18165-88A9-4332-B777-E8B8B3C79B56}.Release|Any CPU.Build.0 = Release|Any CPU
		{E6B18165-88A9-4332-B777-E8B8B3C79B56}.Release|x64.ActiveCfg = Release|Any CPU
		{E6B18165-88A9-4332-B777-E8B8B3C79B56}.Release|x64.Build.0 = Release|Any CPU
		{E6B18165-88A9-4332-B777-E8B8B3C79B56}.Release|x86.ActiveCfg = Release|Any CPU
		{E6B18165-88A9-4332-B777-E8B8B3C79B56}.Release|x86.Build.0 = Release|Any CPU
		{47841C32-326B-490E-AB91-7CE52F9A7D5B}.Debug|Any CPU.ActiveCfg = Debug|Any CPU
		{47841C32-326B-490E-AB91-7CE52F9A7D5B}.Debug|Any CPU.Build.0 = Debug|Any CPU
		{47841C32-326B-490E-AB91-7CE52F9A7D5B}.Debug|x64.ActiveCfg = Debug|Any CPU
		{47841C32-326B-490E-AB91-7CE52F9A7D5B}.Debug|x64.Build.0 = Debug|Any CPU
		{47841C32-326B-490E-AB91-7CE52F9A7D5B}.Debug|x86.ActiveCfg = Debug|Any CPU
		{47841C32-326B-490E-AB91-7CE52F9A7D5B}.Debug|x86.Build.0 = Debug|Any CPU
		{47841C32-326B-490E-AB91-7CE52F9A7D5B}.Release|Any CPU.ActiveCfg = Release|Any CPU
		{47841C32-326B-490E-AB91-7CE52F9A7D5B}.Release|Any CPU.Build.0 = Release|Any CPU
		{47841C32-326B-490E-AB91-7CE52F9A7D5B}.Release|x64.ActiveCfg = Release|Any CPU
		{47841C32-326B-490E-AB91-7CE52F9A7D5B}.Release|x64.Build.0 = Release|Any CPU
		{47841C32-326B-490E-AB91-7CE52F9A7D5B}.Release|x86.ActiveCfg = Release|Any CPU
		{47841C32-326B-490E-AB91-7CE52F9A7D5B}.Release|x86.Build.0 = Release|Any CPU
	EndGlobalSection
	GlobalSection(SolutionProperties) = preSolution
		HideSolutionNode = FALSE
	EndGlobalSection
	GlobalSection(NestedProjects) = preSolution
		{9537624F-76FD-4D74-BBD6-5387D729F242} = {ACF2263E-889C-4D2C-9C36-7AD466EC7A29}
		{6142B363-035D-4AA0-BA38-B09158BD96A9} = {ACF2263E-889C-4D2C-9C36-7AD466EC7A29}
		{8AD61F1F-13EC-464F-9108-24080945F018} = {ACF2263E-889C-4D2C-9C36-7AD466EC7A29}
		{8056CF1E-05FC-46E3-A99D-321853937C40} = {148F507A-1DF9-4AEF-94A1-CB821F1004A8}
		{0B407993-11B2-44CB-BFAB-E17D59250EF7} = {0873B028-8F9D-473D-B780-9EC6D790B3E9}
		{87452B88-87C8-48F6-AD33-E0B128C90AC1} = {0873B028-8F9D-473D-B780-9EC6D790B3E9}
		{0913C157-7EF2-4DB4-972B-70158D6EFF31} = {0873B028-8F9D-473D-B780-9EC6D790B3E9}
		{77566221-F0C3-4BBF-944A-67D9B0BC421A} = {0873B028-8F9D-473D-B780-9EC6D790B3E9}
		{2F44D066-A710-4CDC-ADE8-D6259279EC6E} = {ACF2263E-889C-4D2C-9C36-7AD466EC7A29}
		{E6B18165-88A9-4332-B777-E8B8B3C79B56} = {148F507A-1DF9-4AEF-94A1-CB821F1004A8}
		{47841C32-326B-490E-AB91-7CE52F9A7D5B} = {148F507A-1DF9-4AEF-94A1-CB821F1004A8}
	EndGlobalSection
	GlobalSection(ExtensibilityGlobals) = postSolution
		SolutionGuid = {39012A66-1ADC-4030-B9A5-0204832381FD}
	EndGlobalSection
EndGlobal
